
Microsoft Visual Studio Solution File, Format Version 12.00
# Visual Studio Version 17
VisualStudioVersion = 17.14.37203.1 d17.14
MinimumVisualStudioVersion = 10.0.40219.1
Project("{FAE04EC0-301F-11D3-BF4B-00C04F79EFBC}") = "RestaurantManagementApp", "RestaurantManagementApp\RestaurantManagementApp.csproj", "{10E03113-2560-4087-B990-A7A279B6D039}"
EndProject
Global
	GlobalSection(SolutionConfigurationPlatforms) = preSolution
		Debug|Any CPU = Debug|Any CPU
		Release|Any CPU = Release|Any CPU
	EndGlobalSection
	GlobalSection(ProjectConfigurationPlatforms) = postSolution
		{10E03113-2560-4087-B990-A7A279B6D039}.Debug|Any CPU.ActiveCfg = Debug|Any CPU
		{10E03113-2560-4087-B990-A7A279B6D039}.Debug|Any CPU.Build.0 = Debug|Any CPU
		{10E03113-2560-4087-B990-A7A279B6D039}.Release|Any CPU.ActiveCfg = Release|Any CPU
		{10E03113-2560-4087-B990-A7A279B6D039}.Release|Any CPU.Build.0 = Release|Any CPU
	EndGlobalSection
	GlobalSection(SolutionProperties) = preSolution
		HideSolutionNode = FALSE
	EndGlobalSection
	GlobalSection(ExtensibilityGlobals) = postSolution
		SolutionGuid = {82B90926-C613-4CA4-A823-1C9654C4C3A1}
	EndGlobalSection
EndGlobal
